// !$*UTF8*$!
{
	archiveVersion = 1;
	classes = {
	};
	objectVersion = 46;
	objects = {

/* Begin PBXBuildFile section */
		C111FA6D1B72C270009F64A8 /* AppDelegate.swift in Sources */ = {isa = PBXBuildFile; fileRef = C111FA6C1B72C270009F64A8 /* AppDelegate.swift */; };
		C111FA6F1B72C270009F64A8 /* FirstViewController.swift in Sources */ = {isa = PBXBuildFile; fileRef = C111FA6E1B72C270009F64A8 /* FirstViewController.swift */; };
		C111FA711B72C270009F64A8 /* SecondViewController.swift in Sources */ = {isa = PBXBuildFile; fileRef = C111FA701B72C270009F64A8 /* SecondViewController.swift */; };
		C111FA741B72C270009F64A8 /* Main.storyboard in Resources */ = {isa = PBXBuildFile; fileRef = C111FA721B72C270009F64A8 /* Main.storyboard */; };
		C111FA761B72C270009F64A8 /* Images.xcassets in Resources */ = {isa = PBXBuildFile; fileRef = C111FA751B72C270009F64A8 /* Images.xcassets */; };
		C111FA791B72C270009F64A8 /* LaunchScreen.xib in Resources */ = {isa = PBXBuildFile; fileRef = C111FA771B72C270009F64A8 /* LaunchScreen.xib */; };
		C111FA851B72C270009F64A8 /* To_Do_ListTests.swift in Sources */ = {isa = PBXBuildFile; fileRef = C111FA841B72C270009F64A8 /* To_Do_ListTests.swift */; };
/* End PBXBuildFile section */

/* Begin PBXContainerItemProxy section */
		C111FA7F1B72C270009F64A8 /* PBXContainerItemProxy */ = {
			isa = PBXContainerItemProxy;
			containerPortal = C111FA5F1B72C270009F64A8 /* Project object */;
			proxyType = 1;
			remoteGlobalIDString = C111FA661B72C270009F64A8;
			remoteInfo = "To Do List";
		};
/* End PBXContainerItemProxy section */

/* Begin PBXFileReference section */
		C111FA671B72C270009F64A8 /* To Do List.app */ = {isa = PBXFileReference; explicitFileType = wrapper.application; includeInIndex = 0; path = "To Do List.app"; sourceTree = BUILT_PRODUCTS_DIR; };
		C111FA6B1B72C270009F64A8 /* Info.plist */ = {isa = PBXFileReference; lastKnownFileType = text.plist.xml; path = Info.plist; sourceTree = "<group>"; };
		C111FA6C1B72C270009F64A8 /* AppDelegate.swift */ = {isa = PBXFileReference; lastKnownFileType = sourcecode.swift; path = AppDelegate.swift; sourceTree = "<group>"; };
		C111FA6E1B72C270009F64A8 /* FirstViewController.swift */ = {isa = PBXFileReference; lastKnownFileType = sourcecode.swift; path = FirstViewController.swift; sourceTree = "<group>"; };
		C111FA701B72C270009F64A8 /* SecondViewController.swift */ = {isa = PBXFileReference; lastKnownFileType = sourcecode.swift; path = SecondViewController.swift; sourceTree = "<group>"; };
		C111FA731B72C270009F64A8 /* Base */ = {isa = PBXFileReference; lastKnownFileType = file.storyboard; name = Base; path = Base.lproj/Main.storyboard; sourceTree = "<group>"; };
		C111FA751B72C270009F64A8 /* Images.xcassets */ = {isa = PBXFileReference; lastKnownFileType = folder.assetcatalog; path = Images.xcassets; sourceTree = "<group>"; };
		C111FA781B72C270009F64A8 /* Base */ = {isa = PBXFileReference; lastKnownFileType = file.xib; name = Base; path = Base.lproj/LaunchScreen.xib; sourceTree = "<group>"; };
		C111FA7E1B72C270009F64A8 /* To Do ListTests.xctest */ = {isa = PBXFileReference; explicitFileType = wrapper.cfbundle; includeInIndex = 0; path = "To Do ListTests.xctest"; sourceTree = BUILT_PRODUCTS_DIR; };
		C111FA831B72C270009F64A8 /* Info.plist */ = {isa = PBXFileReference; lastKnownFileType = text.plist.xml; path = Info.plist; sourceTree = "<group>"; };
		C111FA841B72C270009F64A8 /* To_Do_ListTests.swift */ = {isa = PBXFileReference; lastKnownFileType = sourcecode.swift; path = To_Do_ListTests.swift; sourceTree = "<group>"; };
/* End PBXFileReference section */

/* Begin PBXFrameworksBuildPhase section */
		C111FA641B72C270009F64A8 /* Frameworks */ = {
			isa = PBXFrameworksBuildPhase;
			buildActionMask = 2147483647;
			files = (
			);
			runOnlyForDeploymentPostprocessing = 0;
		};
		C111FA7B1B72C270009F64A8 /* Frameworks */ = {
			isa = PBXFrameworksBuildPhase;
			buildActionMask = 2147483647;
			files = (
			);
			runOnlyForDeploymentPostprocessing = 0;
		};
/* End PBXFrameworksBuildPhase section */

/* Begin PBXGroup section */
		C111FA5E1B72C270009F64A8 = {
			isa = PBXGroup;
			children = (
				C111FA691B72C270009F64A8 /* To Do List */,
				C111FA811B72C270009F64A8 /* To Do ListTests */,
				C111FA681B72C270009F64A8 /* Products */,
			);
			sourceTree = "<group>";
		};
		C111FA681B72C270009F64A8 /* Products */ = {
			isa = PBXGroup;
			children = (
				C111FA671B72C270009F64A8 /* To Do List.app */,
				C111FA7E1B72C270009F64A8 /* To Do ListTests.xctest */,
			);
			name = Products;
			sourceTree = "<group>";
		};
		C111FA691B72C270009F64A8 /* To Do List */ = {
			isa = PBXGroup;
			children = (
				C111FA6C1B72C270009F64A8 /* AppDelegate.swift */,
				C111FA6E1B72C270009F64A8 /* FirstViewController.swift */,
				C111FA701B72C270009F64A8 /* SecondViewController.swift */,
				C111FA721B72C270009F64A8 /* Main.storyboard */,
				C111FA751B72C270009F64A8 /* Images.xcassets */,
				C111FA771B72C270009F64A8 /* LaunchScreen.xib */,
				C111FA6A1B72C270009F64A8 /* Supporting Files */,
			);
			path = "To Do List";
			sourceTree = "<group>";
		};
		C111FA6A1B72C270009F64A8 /* Supporting Files */ = {
			isa = PBXGroup;
			children = (
				C111FA6B1B72C270009F64A8 /* Info.plist */,
			);
			name = "Supporting Files";
			sourceTree = "<group>";
		};
		C111FA811B72C270009F64A8 /* To Do ListTests */ = {
			isa = PBXGroup;
			children = (
				C111FA841B72C270009F64A8 /* To_Do_ListTests.swift */,
				C111FA821B72C270009F64A8 /* Supporting Files */,
			);
			path = "To Do ListTests";
			sourceTree = "<group>";
		};
		C111FA821B72C270009F64A8 /* Supporting Files */ = {
			isa = PBXGroup;
			children = (
				C111FA831B72C270009F64A8 /* Info.plist */,
			);
			name = "Supporting Files";
			sourceTree = "<group>";
		};
/* End PBXGroup section */

/* Begin PBXNativeTarget section */
		C111FA661B72C270009F64A8 /* To Do List */ = {
			isa = PBXNativeTarget;
			buildConfigurationList = C111FA881B72C270009F64A8 /* Build configuration list for PBXNativeTarget "To Do List" */;
			buildPhases = (
				C111FA631B72C270009F64A8 /* Sources */,
				C111FA641B72C270009F64A8 /* Frameworks */,
				C111FA651B72C270009F64A8 /* Resources */,
			);
			buildRules = (
			);
			dependencies = (
			);
			name = "To Do List";
			productName = "To Do List";
			productReference = C111FA671B72C270009F64A8 /* To Do List.app */;
			productType = "com.apple.product-type.application";
		};
		C111FA7D1B72C270009F64A8 /* To Do ListTests */ = {
			isa = PBXNativeTarget;
			buildConfigurationList = C111FA8B1B72C270009F64A8 /* Build configuration list for PBXNativeTarget "To Do ListTests" */;
			buildPhases = (
				C111FA7A1B72C270009F64A8 /* Sources */,
				C111FA7B1B72C270009F64A8 /* Frameworks */,
				C111FA7C1B72C270009F64A8 /* Resources */,
			);
			buildRules = (
			);
			dependencies = (
				C111FA801B72C270009F64A8 /* PBXTargetDependency */,
			);
			name = "To Do ListTests";
			productName = "To Do ListTests";
			productReference = C111FA7E1B72C270009F64A8 /* To Do ListTests.xctest */;
			productType = "com.apple.product-type.bundle.unit-test";
		};
/* End PBXNativeTarget section */

/* Begin PBXProject section */
		C111FA5F1B72C270009F64A8 /* Project object */ = {
			isa = PBXProject;
			attributes = {
				LastUpgradeCheck = 0640;
				ORGANIZATIONNAME = "Tayseer Edouni";
				TargetAttributes = {
					C111FA661B72C270009F64A8 = {
						CreatedOnToolsVersion = 6.4;
					};
					C111FA7D1B72C270009F64A8 = {
						CreatedOnToolsVersion = 6.4;
						TestTargetID = C111FA661B72C270009F64A8;
					};
				};
			};
			buildConfigurationList = C111FA621B72C270009F64A8 /* Build configuration list for PBXProject "To Do List" */;
			compatibilityVersion = "Xcode 3.2";
			developmentRegion = English;
			hasScannedForEncodings = 0;
			knownRegions = (
				en,
				Base,
			);
			mainGroup = C111FA5E1B72C270009F64A8;
			productRefGroup = C111FA681B72C270009F64A8 /* Products */;
			projectDirPath = "";
			projectRoot = "";
			targets = (
				C111FA661B72C270009F64A8 /* To Do List */,
				C111FA7D1B72C270009F64A8 /* To Do ListTests */,
			);
		};
/* End PBXProject section */

/* Begin PBXResourcesBuildPhase section */
		C111FA651B72C270009F64A8 /* Resources */ = {
			isa = PBXResourcesBuildPhase;
			buildActionMask = 2147483647;
			files = (
				C111FA741B72C270009F64A8 /* Main.storyboard in Resources */,
				C111FA791B72C270009F64A8 /* LaunchScreen.xib in Resources */,
				C111FA761B72C270009F64A8 /* Images.xcassets in Resources */,
			);
			runOnlyForDeploymentPostprocessing = 0;
		};
		C111FA7C1B72C270009F64A8 /* Resources */ = {
			isa = PBXResourcesBuildPhase;
			buildActionMask = 2147483647;
			files = (
			);
			runOnlyForDeploymentPostprocessing = 0;
		};
/* End PBXResourcesBuildPhase section */

/* Begin PBXSourcesBuildPhase section */
		C111FA631B72C270009F64A8 /* Sources */ = {
			isa = PBXSourcesBuildPhase;
			buildActionMask = 2147483647;
			files = (
				C111FA711B72C270009F64A8 /* SecondViewController.swift in Sources */,
				C111FA6D1B72C270009F64A8 /* AppDelegate.swift in Sources */,
				C111FA6F1B72C270009F64A8 /* FirstViewController.swift in Sources */,
			);
			runOnlyForDeploymentPostprocessing = 0;
		};
		C111FA7A1B72C270009F64A8 /* Sources */ = {
			isa = PBXSourcesBuildPhase;
			buildActionMask = 2147483647;
			files = (
				C111FA851B72C270009F64A8 /* To_Do_ListTests.swift in Sources */,
			);
			runOnlyForDeploymentPostprocessing = 0;
		};
/* End PBXSourcesBuildPhase section */

/* Begin PBXTargetDependency section */
		C111FA801B72C270009F64A8 /* PBXTargetDependency */ = {
			isa = PBXTargetDependency;
			target = C111FA661B72C270009F64A8 /* To Do List */;
			targetProxy = C111FA7F1B72C270009F64A8 /* PBXContainerItemProxy */;
		};
/* End PBXTargetDependency section */

/* Begin PBXVariantGroup section */
		C111FA721B72C270009F64A8 /* Main.storyboard */ = {
			isa = PBXVariantGroup;
			children = (
				C111FA731B72C270009F64A8 /* Base */,
			);
			name = Main.storyboard;
			sourceTree = "<group>";
		};
		C111FA771B72C270009F64A8 /* LaunchScreen.xib */ = {
			isa = PBXVariantGroup;
			children = (
				C111FA781B72C270009F64A8 /* Base */,
			);
			name = LaunchScreen.xib;
			sourceTree = "<group>";
		};
/* End PBXVariantGroup section */

/* Begin XCBuildConfiguration section */
		C111FA861B72C270009F64A8 /* Debug */ = {
			isa = XCBuildConfiguration;
			buildSettings = {
				ALWAYS_SEARCH_USER_PATHS = NO;
				CLANG_CXX_LANGUAGE_STANDARD = "gnu++0x";
				CLANG_CXX_LIBRARY = "libc++";
				CLANG_ENABLE_MODULES = YES;
				CLANG_ENABLE_OBJC_ARC = YES;
				CLANG_WARN_BOOL_CONVERSION = YES;
				CLANG_WARN_CONSTANT_CONVERSION = YES;
				CLANG_WARN_DIRECT_OBJC_ISA_USAGE = YES_ERROR;
				CLANG_WARN_EMPTY_BODY = YES;
				CLANG_WARN_ENUM_CONVERSION = YES;
				CLANG_WARN_INT_CONVERSION = YES;
				CLANG_WARN_OBJC_ROOT_CLASS = YES_ERROR;
				CLANG_WARN_UNREACHABLE_CODE = YES;
				CLANG_WARN__DUPLICATE_METHOD_MATCH = YES;
				"CODE_SIGN_IDENTITY[sdk=iphoneos*]" = "iPhone Developer";
				COPY_PHASE_STRIP = NO;
				DEBUG_INFORMATION_FORMAT = "dwarf-with-dsym";
				ENABLE_STRICT_OBJC_MSGSEND = YES;
				GCC_C_LANGUAGE_STANDARD = gnu99;
				GCC_DYNAMIC_NO_PIC = NO;
				GCC_NO_COMMON_BLOCKS = YES;
				GCC_OPTIMIZATION_LEVEL = 0;
				GCC_PREPROCESSOR_DEFINITIONS = (
					"DEBUG=1",
					"$(inherited)",
				);
				GCC_SYMBOLS_PRIVATE_EXTERN = NO;
				GCC_WARN_64_TO_32_BIT_CONVERSION = YES;
				GCC_WARN_ABOUT_RETURN_TYPE = YES_ERROR;
				GCC_WARN_UNDECLARED_SELECTOR = YES;
				GCC_WARN_UNINITIALIZED_AUTOS = YES_AGGRESSIVE;
				GCC_WARN_UNUSED_FUNCTION = YES;
				GCC_WARN_UNUSED_VARIABLE = YES;
				IPHONEOS_DEPLOYMENT_TARGET = 8.4;
				MTL_ENABLE_DEBUG_INFO = YES;
				ONLY_ACTIVE_ARCH = YES;
				SDKROOT = iphoneos;
				SWIFT_OPTIMIZATION_LEVEL = "-Onone";
			};
			name = Debug;
		};
		C111FA871B72C270009F64A8 /* Release */ = {
			isa = XCBuildConfiguration;
			buildSettings = {
				ALWAYS_SEARCH_USER_PATHS = NO;
				CLANG_CXX_LANGUAGE_STANDARD = "gnu++0x";
				CLANG_CXX_LIBRARY = "libc++";
				CLANG_ENABLE_MODULES = YES;
				CLANG_ENABLE_OBJC_ARC = YES;
				CLANG_WARN_BOOL_CONVERSION = YES;
				CLANG_WARN_CONSTANT_CONVERSION = YES;
				CLANG_WARN_DIRECT_OBJC_ISA_USAGE = YES_ERROR;
				CLANG_WARN_EMPTY_BODY = YES;
				CLANG_WARN_ENUM_CONVERSION = YES;
				CLANG_WARN_INT_CONVERSION = YES;
				CLANG_WARN_OBJC_ROOT_CLASS = YES_ERROR;
				CLANG_WARN_UNREACHABLE_CODE = YES;
				CLANG_WARN__DUPLICATE_METHOD_MATCH = YES;
				"CODE_SIGN_IDENTITY[sdk=iphoneos*]" = "iPhone Developer";
				COPY_PHASE_STRIP = NO;
				DEBUG_INFORMATION_FORMAT = "dwarf-with-dsym";
				ENABLE_NS_ASSERTIONS = NO;
				ENABLE_STRICT_OBJC_MSGSEND = YES;
				GCC_C_LANGUAGE_STANDARD = gnu99;
				GCC_NO_COMMON_BLOCKS = YES;
				GCC_WARN_64_TO_32_BIT_CONVERSION = YES;
				GCC_WARN_ABOUT_RETURN_TYPE = YES_ERROR;
				GCC_WARN_UNDECLARED_SELECTOR = YES;
				GCC_WARN_UNINITIALIZED_AUTOS = YES_AGGRESSIVE;
				GCC_WARN_UNUSED_FUNCTION = YES;
				GCC_WARN_UNUSED_VARIABLE = YES;
				IPHONEOS_DEPLOYMENT_TARGET = 8.4;
				MTL_ENABLE_DEBUG_INFO = NO;
				SDKROOT = iphoneos;
				VALIDATE_PRODUCT = YES;
			};
			name = Release;
		};
		C111FA891B72C270009F64A8 /* Debug */ = {
			isa = XCBuildConfiguration;
			buildSettings = {
				ASSETCATALOG_COMPILER_APPICON_NAME = AppIcon;
				INFOPLIST_FILE = "To Do List/Info.plist";
				LD_RUNPATH_SEARCH_PATHS = "$(inherited) @executable_path/Frameworks";
				PRODUCT_NAME = "$(TARGET_NAME)";
			};
			name = Debug;
		};
		C111FA8A1B72C270009F64A8 /* Release */ = {
			isa = XCBuildConfiguration;
			buildSettings = {
				ASSETCATALOG_COMPILER_APPICON_NAME = AppIcon;
				INFOPLIST_FILE = "To Do List/Info.plist";
				LD_RUNPATH_SEARCH_PATHS = "$(inherited) @executable_path/Frameworks";
				PRODUCT_NAME = "$(TARGET_NAME)";
			};
			name = Release;
		};
		C111FA8C1B72C270009F64A8 /* Debug */ = {
			isa = XCBuildConfiguration;
			buildSettings = {
				BUNDLE_LOADER = "$(TEST_HOST)";
				FRAMEWORK_SEARCH_PATHS = (
					"$(SDKROOT)/Developer/Library/Frameworks",
					"$(inherited)",
				);
				GCC_PREPROCESSOR_DEFINITIONS = (
					"DEBUG=1",
					"$(inherited)",
				);
				INFOPLIST_FILE = "To Do ListTests/Info.plist";
				LD_RUNPATH_SEARCH_PATHS = "$(inherited) @executable_path/Frameworks @loader_path/Frameworks";
				PRODUCT_NAME = "$(TARGET_NAME)";
				TEST_HOST = "$(BUILT_PRODUCTS_DIR)/To Do List.app/To Do List";
			};
			name = Debug;
		};
		C111FA8D1B72C270009F64A8 /* Release */ = {
			isa = XCBuildConfiguration;
			buildSettings = {
				BUNDLE_LOADER = "$(TEST_HOST)";
				FRAMEWORK_SEARCH_PATHS = (
					"$(SDKROOT)/Developer/Library/Frameworks",
					"$(inherited)",
				);
				INFOPLIST_FILE = "To Do ListTests/Info.plist";
				LD_RUNPATH_SEARCH_PATHS = "$(inherited) @executable_path/Frameworks @loader_path/Frameworks";
				PRODUCT_NAME = "$(TARGET_NAME)";
				TEST_HOST = "$(BUILT_PRODUCTS_DIR)/To Do List.app/To Do List";
			};
			name = Release;
		};
/* End XCBuildConfiguration section */

/* Begin XCConfigurationList section */
		C111FA621B72C270009F64A8 /* Build configuration list for PBXProject "To Do List" */ = {
			isa = XCConfigurationList;
			buildConfigurations = (
				C111FA861B72C270009F64A8 /* Debug */,
				C111FA871B72C270009F64A8 /* Release */,
			);
			defaultConfigurationIsVisible = 0;
			defaultConfigurationName = Release;
		};
		C111FA881B72C270009F64A8 /* Build configuration list for PBXNativeTarget "To Do List" */ = {
			isa = XCConfigurationList;
			buildConfigurations = (
				C111FA891B72C270009F64A8 /* Debug */,
				C111FA8A1B72C270009F64A8 /* Release */,
			);
			defaultConfigurationIsVisible = 0;
		};
		C111FA8B1B72C270009F64A8 /* Build configuration list for PBXNativeTarget "To Do ListTests" */ = {
			isa = XCConfigurationList;
			buildConfigurations = (
				C111FA8C1B72C270009F64A8 /* Debug */,
				C111FA8D1B72C270009F64A8 /* Release */,
			);
			defaultConfigurationIsVisible = 0;
		};
/* End XCConfigurationList section */
	};
	rootObject = C111FA5F1B72C270009F64A8 /* Project object */;
}
